
Microsoft Visual Studio Solution File, Format Version 12.00
# Visual Studio Version 17
VisualStudioVersion = 17.11.35303.130
MinimumVisualStudioVersion = 10.0.40219.1
Project("{FAE04EC0-301F-11D3-BF4B-00C04F79EFBC}") = "WebAPI", "WebAPI\WebAPI.csproj", "{E449E31A-E458-44A1-B911-8AC16E34B3E4}"
EndProject
Global
	GlobalSection(SolutionConfigurationPlatforms) = preSolution
		Debug|Any CPU = Debug|Any CPU
		Release|Any CPU = Release|Any CPU
	EndGlobalSection
	GlobalSection(ProjectConfigurationPlatforms) = postSolution
		{E449E31A-E458-44A1-B911-8AC16E34B3E4}.Debug|Any CPU.ActiveCfg = Debug|Any CPU
		{E449E31A-E458-44A1-B911-8AC16E34B3E4}.Debug|Any CPU.Build.0 = Debug|Any CPU
		{E449E31A-E458-44A1-B911-8AC16E34B3E4}.Release|Any CPU.ActiveCfg = Release|Any CPU
		{E449E31A-E458-44A1-B911-8AC16E34B3E4}.Release|Any CPU.Build.0 = Release|Any CPU
	EndGlobalSection
	GlobalSection(SolutionProperties) = preSolution
		HideSolutionNode = FALSE
	EndGlobalSection
	GlobalSection(ExtensibilityGlobals) = postSolution
		SolutionGuid = {FC4C2DC1-EBC9-4358-8B56-3D84686D7ECC}
	EndGlobalSection
EndGlobal
