
Microsoft Visual Studio Solution File, Format Version 12.00
# Visual Studio Version 17
VisualStudioVersion = 17.11.35303.130
MinimumVisualStudioVersion = 10.0.40219.1
Project("{9A19103F-16F7-4668-BE54-9A1E7A4F7556}") = "BTLWebAPI", "BTLWebAPI.csproj", "{82C243E0-B8B9-4F44-8161-E39CC3DB493D}"
EndProject
Global
	GlobalSection(SolutionConfigurationPlatforms) = preSolution
		Debug|Any CPU = Debug|Any CPU
		Release|Any CPU = Release|Any CPU
	EndGlobalSection
	GlobalSection(ProjectConfigurationPlatforms) = postSolution
		{82C243E0-B8B9-4F44-8161-E39CC3DB493D}.Debug|Any CPU.ActiveCfg = Debug|Any CPU
		{82C243E0-B8B9-4F44-8161-E39CC3DB493D}.Debug|Any CPU.Build.0 = Debug|Any CPU
		{82C243E0-B8B9-4F44-8161-E39CC3DB493D}.Release|Any CPU.ActiveCfg = Release|Any CPU
		{82C243E0-B8B9-4F44-8161-E39CC3DB493D}.Release|Any CPU.Build.0 = Release|Any CPU
	EndGlobalSection
	GlobalSection(SolutionProperties) = preSolution
		HideSolutionNode = FALSE
	EndGlobalSection
	GlobalSection(ExtensibilityGlobals) = postSolution
		SolutionGuid = {C531F7B3-125D-4BEE-87BA-0A461B1F1910}
	EndGlobalSection
EndGlobal
